
Microsoft Visual Studio Solution File, Format Version 12.00
# Visual Studio Version 16
VisualStudioVersion = 16.0.29306.81
MinimumVisualStudioVersion = 10.0.40219.1
Project("{FAE04EC0-301F-11D3-BF4B-00C04F79EFBC}") = "Lojista", "Lojista\Lojista.csproj", "{A56DA623-AFCF-4A93-BCF0-F65E69530A73}"
EndProject
Project("{FAE04EC0-301F-11D3-BF4B-00C04F79EFBC}") = "Fornecedor", "Fornecedor\Fornecedor.csproj", "{B9D4E8D9-114E-471E-9293-BAF3E8E1A0E9}"
EndProject
Global
	GlobalSection(SolutionConfigurationPlatforms) = preSolution
		Debug|Any CPU = Debug|Any CPU
		Release|Any CPU = Release|Any CPU
	EndGlobalSection
	GlobalSection(ProjectConfigurationPlatforms) = postSolution
		{A56DA623-AFCF-4A93-BCF0-F65E69530A73}.Debug|Any CPU.ActiveCfg = Debug|Any CPU
		{A56DA623-AFCF-4A93-BCF0-F65E69530A73}.Debug|Any CPU.Build.0 = Debug|Any CPU
		{A56DA623-AFCF-4A93-BCF0-F65E69530A73}.Release|Any CPU.ActiveCfg = Release|Any CPU
		{A56DA623-AFCF-4A93-BCF0-F65E69530A73}.Release|Any CPU.Build.0 = Release|Any CPU
		{B9D4E8D9-114E-471E-9293-BAF3E8E1A0E9}.Debug|Any CPU.ActiveCfg = Debug|Any CPU
		{B9D4E8D9-114E-471E-9293-BAF3E8E1A0E9}.Debug|Any CPU.Build.0 = Debug|Any CPU
		{B9D4E8D9-114E-471E-9293-BAF3E8E1A0E9}.Release|Any CPU.ActiveCfg = Release|Any CPU
		{B9D4E8D9-114E-471E-9293-BAF3E8E1A0E9}.Release|Any CPU.Build.0 = Release|Any CPU
	EndGlobalSection
	GlobalSection(SolutionProperties) = preSolution
		HideSolutionNode = FALSE
	EndGlobalSection
	GlobalSection(ExtensibilityGlobals) = postSolution
		SolutionGuid = {D5AD2889-2A4E-42E6-948A-B13991935B2C}
	EndGlobalSection
EndGlobal
